<?xml version="1.0" encoding="utf-8"?>
<Project ToolsVersion="4.0" xmlns="http://schemas.microsoft.com/developer/msbuild/2003">
  <ItemGroup>
    <Filter Include="Source Files">
      <UniqueIdentifier>{4FC737F1-C7A5-4376-A066-2A32D752A2FF}</UniqueIdentifier>
      <Extensions>cpp;c;cc;cxx;def;odl;idl;hpj;bat;asm;asmx</Extensions>
    </Filter>
    <Filter Include="Header Files">
      <UniqueIdentifier>{93995380-89BD-4b04-88EB-625FBE52EBFB}</UniqueIdentifier>
      <Extensions>h;hpp;hxx;hm;inl;inc;xsd</Extensions>
    </Filter>
    <Filter Include="Resource Files">
      <UniqueIdentifier>{67DA6AB6-F800-4c08-8B7A-83BB121AAD01}</UniqueIdentifier>
      <Extensions>rc;ico;cur;bmp;dlg;rc2;rct;bin;rgs;gif;jpg;jpeg;jpe;resx;tiff;tif;png;wav;mfcribbon-ms</Extensions>
    </Filter>
  </ItemGroup>
  <ItemGroup>
    <ClCompile Include="HearthLogApp.cpp">
      <Filter>Source Files</Filter>
    </ClCompile>
    <ClCompile Include="PacketCapture.cpp">
      <Filter>Source Files</Filter>
    </ClCompile>
    <ClCompile Include="GameLogger.cpp">
      <Filter>Source Files</Filter>
    </ClCompile>
    <ClCompile Include="tcp\Endpoint.cpp">
      <Filter>Source Files</Filter>
    </ClCompile>
    <ClCompile Include="tcp\Parser.cpp">
      <Filter>Source Files</Filter>
    </ClCompile>
    <ClCompile Include="tcp\Stream.cpp">
      <Filter>Source Files</Filter>
    </ClCompile>
    <ClCompile Include="tcp\Segment.cpp">
      <Filter>Source Files</Filter>
    </ClCompile>
    <ClCompile Include="TaskBarIcon.cpp">
      <Filter>Source Files</Filter>
    </ClCompile>
    <ClCompile Include="Helper.cpp">
      <Filter>Source Files</Filter>
    </ClCompile>
  </ItemGroup>
  <ItemGroup>
    <ClInclude Include="HearthLogApp.h">
      <Filter>Header Files</Filter>
    </ClInclude>
    <ClInclude Include="PacketCapture.h">
      <Filter>Header Files</Filter>
    </ClInclude>
    <ClInclude Include="util.h">
      <Filter>Header Files</Filter>
    </ClInclude>
    <ClInclude Include="GameLogger.h">
      <Filter>Header Files</Filter>
    </ClInclude>
    <ClInclude Include="tcp\Endpoint.h">
      <Filter>Header Files</Filter>
    </ClInclude>
    <ClInclude Include="tcp\Parser.h">
      <Filter>Header Files</Filter>
    </ClInclude>
    <ClInclude Include="tcp\Stream.h">
      <Filter>Header Files</Filter>
    </ClInclude>
    <ClInclude Include="tcp\pcap_tcp.h">
      <Filter>Header Files</Filter>
    </ClInclude>
    <ClInclude Include="tcp\Segment.h">
      <Filter>Header Files</Filter>
    </ClInclude>
    <ClInclude Include="TaskBarIcon.h">
      <Filter>Header Files</Filter>
    </ClInclude>
    <ClInclude Include="Helper.h">
      <Filter>Header Files</Filter>
    </ClInclude>
  </ItemGroup>
  <ItemGroup>
    <Text Include="range.h">
      <Filter>Header Files</Filter>
    </Text>
  </ItemGroup>
  <ItemGroup>
    <None Include="icons\favicon-16x16-8.xpm" />
    <None Include="icons\favicon-32x32-8.xpm" />
    <None Include="icons\favicon-64x64-8.xpm" />
  </ItemGroup>
</Project>